
Microsoft Visual Studio Solution File, Format Version 12.00
# Visual Studio Version 17
VisualStudioVersion = 17.6.33829.357
MinimumVisualStudioVersion = 10.0.40219.1
Project("{9A19103F-16F7-4668-BE54-9A1E7A4F7556}") = "01.Degıskenler", "01.Degıskenler\01.Degıskenler.csproj", "{EA1F074A-5DC5-43D7-B726-C6EDBEE23FD6}"
EndProject
Project("{9A19103F-16F7-4668-BE54-9A1E7A4F7556}") = "02.DegerTiplerVeReferansTipler", "02.DegerTiplerVeReferansTipler\02.DegerTiplerVeReferansTipler.csproj", "{C344497D-57F1-4E8D-BEC9-7D7474A2A561}"
EndProject
Project("{9A19103F-16F7-4668-BE54-9A1E7A4F7556}") = "03.Operatörler", "03.Operatörler\03.Operatörler.csproj", "{12A53BA5-6C0F-48DD-BCD4-44C85AB8FE6A}"
EndProject
Project("{FAE04EC0-301F-11D3-BF4B-00C04F79EFBC}") = "04.SartBlogları", "04.SartBlogları\04.SartBlogları.csproj", "{C456443B-91E1-4613-9F59-757F1D0F5798}"
EndProject
Project("{FAE04EC0-301F-11D3-BF4B-00C04F79EFBC}") = "05.Listeler", "05.Listeler\05.Listeler.csproj", "{75D0D44F-338F-47C7-AA36-9FA2E0291915}"
EndProject
Global
	GlobalSection(SolutionConfigurationPlatforms) = preSolution
		Debug|Any CPU = Debug|Any CPU
		Release|Any CPU = Release|Any CPU
	EndGlobalSection
	GlobalSection(ProjectConfigurationPlatforms) = postSolution
		{EA1F074A-5DC5-43D7-B726-C6EDBEE23FD6}.Debug|Any CPU.ActiveCfg = Debug|Any CPU
		{EA1F074A-5DC5-43D7-B726-C6EDBEE23FD6}.Debug|Any CPU.Build.0 = Debug|Any CPU
		{EA1F074A-5DC5-43D7-B726-C6EDBEE23FD6}.Release|Any CPU.ActiveCfg = Release|Any CPU
		{EA1F074A-5DC5-43D7-B726-C6EDBEE23FD6}.Release|Any CPU.Build.0 = Release|Any CPU
		{C344497D-57F1-4E8D-BEC9-7D7474A2A561}.Debug|Any CPU.ActiveCfg = Debug|Any CPU
		{C344497D-57F1-4E8D-BEC9-7D7474A2A561}.Debug|Any CPU.Build.0 = Debug|Any CPU
		{C344497D-57F1-4E8D-BEC9-7D7474A2A561}.Release|Any CPU.ActiveCfg = Release|Any CPU
		{C344497D-57F1-4E8D-BEC9-7D7474A2A561}.Release|Any CPU.Build.0 = Release|Any CPU
		{12A53BA5-6C0F-48DD-BCD4-44C85AB8FE6A}.Debug|Any CPU.ActiveCfg = Debug|Any CPU
		{12A53BA5-6C0F-48DD-BCD4-44C85AB8FE6A}.Debug|Any CPU.Build.0 = Debug|Any CPU
		{12A53BA5-6C0F-48DD-BCD4-44C85AB8FE6A}.Release|Any CPU.ActiveCfg = Release|Any CPU
		{12A53BA5-6C0F-48DD-BCD4-44C85AB8FE6A}.Release|Any CPU.Build.0 = Release|Any CPU
		{C456443B-91E1-4613-9F59-757F1D0F5798}.Debug|Any CPU.ActiveCfg = Debug|Any CPU
		{C456443B-91E1-4613-9F59-757F1D0F5798}.Debug|Any CPU.Build.0 = Debug|Any CPU
		{C456443B-91E1-4613-9F59-757F1D0F5798}.Release|Any CPU.ActiveCfg = Release|Any CPU
		{C456443B-91E1-4613-9F59-757F1D0F5798}.Release|Any CPU.Build.0 = Release|Any CPU
		{75D0D44F-338F-47C7-AA36-9FA2E0291915}.Debug|Any CPU.ActiveCfg = Debug|Any CPU
		{75D0D44F-338F-47C7-AA36-9FA2E0291915}.Debug|Any CPU.Build.0 = Debug|Any CPU
		{75D0D44F-338F-47C7-AA36-9FA2E0291915}.Release|Any CPU.ActiveCfg = Release|Any CPU
		{75D0D44F-338F-47C7-AA36-9FA2E0291915}.Release|Any CPU.Build.0 = Release|Any CPU
	EndGlobalSection
	GlobalSection(SolutionProperties) = preSolution
		HideSolutionNode = FALSE
	EndGlobalSection
	GlobalSection(ExtensibilityGlobals) = postSolution
		SolutionGuid = {6A81198E-4FE5-4648-8A6D-D9B59EF67147}
	EndGlobalSection
EndGlobal
