
Microsoft Visual Studio Solution File, Format Version 12.00
# Visual Studio Version 17
VisualStudioVersion = 17.6.33829.357
MinimumVisualStudioVersion = 10.0.40219.1
Project("{FAE04EC0-301F-11D3-BF4B-00C04F79EFBC}") = "01.Degıskenler", "01.Degıskenler\01.Degıskenler.csproj", "{EA1F074A-5DC5-43D7-B726-C6EDBEE23FD6}"
EndProject
Global
	GlobalSection(SolutionConfigurationPlatforms) = preSolution
		Debug|Any CPU = Debug|Any CPU
		Release|Any CPU = Release|Any CPU
	EndGlobalSection
	GlobalSection(ProjectConfigurationPlatforms) = postSolution
		{EA1F074A-5DC5-43D7-B726-C6EDBEE23FD6}.Debug|Any CPU.ActiveCfg = Debug|Any CPU
		{EA1F074A-5DC5-43D7-B726-C6EDBEE23FD6}.Debug|Any CPU.Build.0 = Debug|Any CPU
		{EA1F074A-5DC5-43D7-B726-C6EDBEE23FD6}.Release|Any CPU.ActiveCfg = Release|Any CPU
		{EA1F074A-5DC5-43D7-B726-C6EDBEE23FD6}.Release|Any CPU.Build.0 = Release|Any CPU
	EndGlobalSection
	GlobalSection(SolutionProperties) = preSolution
		HideSolutionNode = FALSE
	EndGlobalSection
	GlobalSection(ExtensibilityGlobals) = postSolution
		SolutionGuid = {6A81198E-4FE5-4648-8A6D-D9B59EF67147}
	EndGlobalSection
EndGlobal
