
Microsoft Visual Studio Solution File, Format Version 12.00
# Visual Studio Version 17
VisualStudioVersion = 17.6.33829.357
MinimumVisualStudioVersion = 10.0.40219.1
Project("{9A19103F-16F7-4668-BE54-9A1E7A4F7556}") = "01.Degıskenler", "01.Degıskenler\01.Degıskenler.csproj", "{EA1F074A-5DC5-43D7-B726-C6EDBEE23FD6}"
EndProject
Project("{9A19103F-16F7-4668-BE54-9A1E7A4F7556}") = "02.DegerTiplerVeReferansTipler", "02.DegerTiplerVeReferansTipler\02.DegerTiplerVeReferansTipler.csproj", "{C344497D-57F1-4E8D-BEC9-7D7474A2A561}"
EndProject
Project("{9A19103F-16F7-4668-BE54-9A1E7A4F7556}") = "03.Operatörler", "03.Operatörler\03.Operatörler.csproj", "{12A53BA5-6C0F-48DD-BCD4-44C85AB8FE6A}"
EndProject
Project("{9A19103F-16F7-4668-BE54-9A1E7A4F7556}") = "04.SartBlogları", "04.SartBlogları\04.SartBlogları.csproj", "{C456443B-91E1-4613-9F59-757F1D0F5798}"
EndProject
Project("{9A19103F-16F7-4668-BE54-9A1E7A4F7556}") = "05.Listeler", "05.Listeler\05.Listeler.csproj", "{75D0D44F-338F-47C7-AA36-9FA2E0291915}"
EndProject
Project("{9A19103F-16F7-4668-BE54-9A1E7A4F7556}") = "06.Döngüler", "06.Döngüler\06.Döngüler.csproj", "{CDFF2AA3-15ED-4A97-8B14-7B088E2A1055}"
EndProject
Project("{9A19103F-16F7-4668-BE54-9A1E7A4F7556}") = "07.NameGoster", "07.NameGoster\07.NameGoster.csproj", "{BCA64E6D-DB36-4D9C-BB61-20225250AECE}"
EndProject
Project("{9A19103F-16F7-4668-BE54-9A1E7A4F7556}") = "08.Oyun_SayiTahminEt", "08.Oyun_SayiTahminEt\08.Oyun_SayiTahminEt.csproj", "{B674F482-1E69-4EFB-80E6-B9E9D27EDBAB}"
EndProject
Project("{FAE04EC0-301F-11D3-BF4B-00C04F79EFBC}") = "09.HataYonetimi", "09.HataYonetimi\09.HataYonetimi.csproj", "{031FF937-0AC6-4EA9-A115-16E891E8E1A2}"
EndProject
Global
	GlobalSection(SolutionConfigurationPlatforms) = preSolution
		Debug|Any CPU = Debug|Any CPU
		Release|Any CPU = Release|Any CPU
	EndGlobalSection
	GlobalSection(ProjectConfigurationPlatforms) = postSolution
		{EA1F074A-5DC5-43D7-B726-C6EDBEE23FD6}.Debug|Any CPU.ActiveCfg = Debug|Any CPU
		{EA1F074A-5DC5-43D7-B726-C6EDBEE23FD6}.Debug|Any CPU.Build.0 = Debug|Any CPU
		{EA1F074A-5DC5-43D7-B726-C6EDBEE23FD6}.Release|Any CPU.ActiveCfg = Release|Any CPU
		{EA1F074A-5DC5-43D7-B726-C6EDBEE23FD6}.Release|Any CPU.Build.0 = Release|Any CPU
		{C344497D-57F1-4E8D-BEC9-7D7474A2A561}.Debug|Any CPU.ActiveCfg = Debug|Any CPU
		{C344497D-57F1-4E8D-BEC9-7D7474A2A561}.Debug|Any CPU.Build.0 = Debug|Any CPU
		{C344497D-57F1-4E8D-BEC9-7D7474A2A561}.Release|Any CPU.ActiveCfg = Release|Any CPU
		{C344497D-57F1-4E8D-BEC9-7D7474A2A561}.Release|Any CPU.Build.0 = Release|Any CPU
		{12A53BA5-6C0F-48DD-BCD4-44C85AB8FE6A}.Debug|Any CPU.ActiveCfg = Debug|Any CPU
		{12A53BA5-6C0F-48DD-BCD4-44C85AB8FE6A}.Debug|Any CPU.Build.0 = Debug|Any CPU
		{12A53BA5-6C0F-48DD-BCD4-44C85AB8FE6A}.Release|Any CPU.ActiveCfg = Release|Any CPU
		{12A53BA5-6C0F-48DD-BCD4-44C85AB8FE6A}.Release|Any CPU.Build.0 = Release|Any CPU
		{C456443B-91E1-4613-9F59-757F1D0F5798}.Debug|Any CPU.ActiveCfg = Debug|Any CPU
		{C456443B-91E1-4613-9F59-757F1D0F5798}.Debug|Any CPU.Build.0 = Debug|Any CPU
		{C456443B-91E1-4613-9F59-757F1D0F5798}.Release|Any CPU.ActiveCfg = Release|Any CPU
		{C456443B-91E1-4613-9F59-757F1D0F5798}.Release|Any CPU.Build.0 = Release|Any CPU
		{75D0D44F-338F-47C7-AA36-9FA2E0291915}.Debug|Any CPU.ActiveCfg = Debug|Any CPU
		{75D0D44F-338F-47C7-AA36-9FA2E0291915}.Debug|Any CPU.Build.0 = Debug|Any CPU
		{75D0D44F-338F-47C7-AA36-9FA2E0291915}.Release|Any CPU.ActiveCfg = Release|Any CPU
		{75D0D44F-338F-47C7-AA36-9FA2E0291915}.Release|Any CPU.Build.0 = Release|Any CPU
		{CDFF2AA3-15ED-4A97-8B14-7B088E2A1055}.Debug|Any CPU.ActiveCfg = Debug|Any CPU
		{CDFF2AA3-15ED-4A97-8B14-7B088E2A1055}.Debug|Any CPU.Build.0 = Debug|Any CPU
		{CDFF2AA3-15ED-4A97-8B14-7B088E2A1055}.Release|Any CPU.ActiveCfg = Release|Any CPU
		{CDFF2AA3-15ED-4A97-8B14-7B088E2A1055}.Release|Any CPU.Build.0 = Release|Any CPU
		{BCA64E6D-DB36-4D9C-BB61-20225250AECE}.Debug|Any CPU.ActiveCfg = Debug|Any CPU
		{BCA64E6D-DB36-4D9C-BB61-20225250AECE}.Debug|Any CPU.Build.0 = Debug|Any CPU
		{BCA64E6D-DB36-4D9C-BB61-20225250AECE}.Release|Any CPU.ActiveCfg = Release|Any CPU
		{BCA64E6D-DB36-4D9C-BB61-20225250AECE}.Release|Any CPU.Build.0 = Release|Any CPU
		{B674F482-1E69-4EFB-80E6-B9E9D27EDBAB}.Debug|Any CPU.ActiveCfg = Debug|Any CPU
		{B674F482-1E69-4EFB-80E6-B9E9D27EDBAB}.Debug|Any CPU.Build.0 = Debug|Any CPU
		{B674F482-1E69-4EFB-80E6-B9E9D27EDBAB}.Release|Any CPU.ActiveCfg = Release|Any CPU
		{B674F482-1E69-4EFB-80E6-B9E9D27EDBAB}.Release|Any CPU.Build.0 = Release|Any CPU
		{031FF937-0AC6-4EA9-A115-16E891E8E1A2}.Debug|Any CPU.ActiveCfg = Debug|Any CPU
		{031FF937-0AC6-4EA9-A115-16E891E8E1A2}.Debug|Any CPU.Build.0 = Debug|Any CPU
		{031FF937-0AC6-4EA9-A115-16E891E8E1A2}.Release|Any CPU.ActiveCfg = Release|Any CPU
		{031FF937-0AC6-4EA9-A115-16E891E8E1A2}.Release|Any CPU.Build.0 = Release|Any CPU
	EndGlobalSection
	GlobalSection(SolutionProperties) = preSolution
		HideSolutionNode = FALSE
	EndGlobalSection
	GlobalSection(ExtensibilityGlobals) = postSolution
		SolutionGuid = {6A81198E-4FE5-4648-8A6D-D9B59EF67147}
	EndGlobalSection
EndGlobal
